
Microsoft Visual Studio Solution File, Format Version 12.00
# Visual Studio Version 17
VisualStudioVersion = 17.0.32126.317
MinimumVisualStudioVersion = 10.0.40219.1
Project("{FAE04EC0-301F-11D3-BF4B-00C04F79EFBC}") = "MyFinancesMobileApp.Android", "MyFinancesMobileApp\MyFinancesMobileApp.Android\MyFinancesMobileApp.Android.csproj", "{E24A87EE-BFB9-4974-910D-02F976800461}"
EndProject
Project("{FAE04EC0-301F-11D3-BF4B-00C04F79EFBC}") = "MyFinancesMobileApp.iOS", "MyFinancesMobileApp\MyFinancesMobileApp.iOS\MyFinancesMobileApp.iOS.csproj", "{DCA72861-54A7-4920-AA3E-DB12563CC7D6}"
EndProject
Project("{FAE04EC0-301F-11D3-BF4B-00C04F79EFBC}") = "MyFinancesMobileApp", "MyFinancesMobileApp\MyFinancesMobileApp\MyFinancesMobileApp.csproj", "{392CFB29-628E-47CC-B443-E56C28646A4E}"
EndProject
Global
	GlobalSection(SolutionConfigurationPlatforms) = preSolution
		Debug|Any CPU = Debug|Any CPU
		Debug|iPhone = Debug|iPhone
		Debug|iPhoneSimulator = Debug|iPhoneSimulator
		Release|Any CPU = Release|Any CPU
		Release|iPhone = Release|iPhone
		Release|iPhoneSimulator = Release|iPhoneSimulator
	EndGlobalSection
	GlobalSection(ProjectConfigurationPlatforms) = postSolution
		{E24A87EE-BFB9-4974-910D-02F976800461}.Debug|Any CPU.ActiveCfg = Debug|Any CPU
		{E24A87EE-BFB9-4974-910D-02F976800461}.Debug|Any CPU.Build.0 = Debug|Any CPU
		{E24A87EE-BFB9-4974-910D-02F976800461}.Debug|Any CPU.Deploy.0 = Debug|Any CPU
		{E24A87EE-BFB9-4974-910D-02F976800461}.Debug|iPhone.ActiveCfg = Debug|Any CPU
		{E24A87EE-BFB9-4974-910D-02F976800461}.Debug|iPhone.Build.0 = Debug|Any CPU
		{E24A87EE-BFB9-4974-910D-02F976800461}.Debug|iPhone.Deploy.0 = Debug|Any CPU
		{E24A87EE-BFB9-4974-910D-02F976800461}.Debug|iPhoneSimulator.ActiveCfg = Debug|Any CPU
		{E24A87EE-BFB9-4974-910D-02F976800461}.Debug|iPhoneSimulator.Build.0 = Debug|Any CPU
		{E24A87EE-BFB9-4974-910D-02F976800461}.Debug|iPhoneSimulator.Deploy.0 = Debug|Any CPU
		{E24A87EE-BFB9-4974-910D-02F976800461}.Release|Any CPU.ActiveCfg = Release|Any CPU
		{E24A87EE-BFB9-4974-910D-02F976800461}.Release|Any CPU.Build.0 = Release|Any CPU
		{E24A87EE-BFB9-4974-910D-02F976800461}.Release|Any CPU.Deploy.0 = Release|Any CPU
		{E24A87EE-BFB9-4974-910D-02F976800461}.Release|iPhone.ActiveCfg = Release|Any CPU
		{E24A87EE-BFB9-4974-910D-02F976800461}.Release|iPhone.Build.0 = Release|Any CPU
		{E24A87EE-BFB9-4974-910D-02F976800461}.Release|iPhone.Deploy.0 = Release|Any CPU
		{E24A87EE-BFB9-4974-910D-02F976800461}.Release|iPhoneSimulator.ActiveCfg = Release|Any CPU
		{E24A87EE-BFB9-4974-910D-02F976800461}.Release|iPhoneSimulator.Build.0 = Release|Any CPU
		{E24A87EE-BFB9-4974-910D-02F976800461}.Release|iPhoneSimulator.Deploy.0 = Release|Any CPU
		{DCA72861-54A7-4920-AA3E-DB12563CC7D6}.Debug|Any CPU.ActiveCfg = Debug|iPhone
		{DCA72861-54A7-4920-AA3E-DB12563CC7D6}.Debug|Any CPU.Build.0 = Debug|iPhone
		{DCA72861-54A7-4920-AA3E-DB12563CC7D6}.Debug|Any CPU.Deploy.0 = Debug|iPhone
		{DCA72861-54A7-4920-AA3E-DB12563CC7D6}.Debug|iPhone.ActiveCfg = Debug|iPhone
		{DCA72861-54A7-4920-AA3E-DB12563CC7D6}.Debug|iPhone.Build.0 = Debug|iPhone
		{DCA72861-54A7-4920-AA3E-DB12563CC7D6}.Debug|iPhone.Deploy.0 = Debug|iPhone
		{DCA72861-54A7-4920-AA3E-DB12563CC7D6}.Debug|iPhoneSimulator.ActiveCfg = Debug|iPhoneSimulator
		{DCA72861-54A7-4920-AA3E-DB12563CC7D6}.Debug|iPhoneSimulator.Build.0 = Debug|iPhoneSimulator
		{DCA72861-54A7-4920-AA3E-DB12563CC7D6}.Debug|iPhoneSimulator.Deploy.0 = Debug|iPhoneSimulator
		{DCA72861-54A7-4920-AA3E-DB12563CC7D6}.Release|Any CPU.ActiveCfg = Release|iPhoneSimulator
		{DCA72861-54A7-4920-AA3E-DB12563CC7D6}.Release|Any CPU.Build.0 = Release|iPhoneSimulator
		{DCA72861-54A7-4920-AA3E-DB12563CC7D6}.Release|Any CPU.Deploy.0 = Release|iPhoneSimulator
		{DCA72861-54A7-4920-AA3E-DB12563CC7D6}.Release|iPhone.ActiveCfg = Release|iPhone
		{DCA72861-54A7-4920-AA3E-DB12563CC7D6}.Release|iPhone.Build.0 = Release|iPhone
		{DCA72861-54A7-4920-AA3E-DB12563CC7D6}.Release|iPhone.Deploy.0 = Release|iPhone
		{DCA72861-54A7-4920-AA3E-DB12563CC7D6}.Release|iPhoneSimulator.ActiveCfg = Release|iPhoneSimulator
		{DCA72861-54A7-4920-AA3E-DB12563CC7D6}.Release|iPhoneSimulator.Build.0 = Release|iPhoneSimulator
		{DCA72861-54A7-4920-AA3E-DB12563CC7D6}.Release|iPhoneSimulator.Deploy.0 = Release|iPhoneSimulator
		{392CFB29-628E-47CC-B443-E56C28646A4E}.Debug|Any CPU.ActiveCfg = Debug|Any CPU
		{392CFB29-628E-47CC-B443-E56C28646A4E}.Debug|Any CPU.Build.0 = Debug|Any CPU
		{392CFB29-628E-47CC-B443-E56C28646A4E}.Debug|Any CPU.Deploy.0 = Debug|Any CPU
		{392CFB29-628E-47CC-B443-E56C28646A4E}.Debug|iPhone.ActiveCfg = Debug|Any CPU
		{392CFB29-628E-47CC-B443-E56C28646A4E}.Debug|iPhone.Build.0 = Debug|Any CPU
		{392CFB29-628E-47CC-B443-E56C28646A4E}.Debug|iPhone.Deploy.0 = Debug|Any CPU
		{392CFB29-628E-47CC-B443-E56C28646A4E}.Debug|iPhoneSimulator.ActiveCfg = Debug|Any CPU
		{392CFB29-628E-47CC-B443-E56C28646A4E}.Debug|iPhoneSimulator.Build.0 = Debug|Any CPU
		{392CFB29-628E-47CC-B443-E56C28646A4E}.Debug|iPhoneSimulator.Deploy.0 = Debug|Any CPU
		{392CFB29-628E-47CC-B443-E56C28646A4E}.Release|Any CPU.ActiveCfg = Release|Any CPU
		{392CFB29-628E-47CC-B443-E56C28646A4E}.Release|Any CPU.Build.0 = Release|Any CPU
		{392CFB29-628E-47CC-B443-E56C28646A4E}.Release|Any CPU.Deploy.0 = Release|Any CPU
		{392CFB29-628E-47CC-B443-E56C28646A4E}.Release|iPhone.ActiveCfg = Release|Any CPU
		{392CFB29-628E-47CC-B443-E56C28646A4E}.Release|iPhone.Build.0 = Release|Any CPU
		{392CFB29-628E-47CC-B443-E56C28646A4E}.Release|iPhone.Deploy.0 = Release|Any CPU
		{392CFB29-628E-47CC-B443-E56C28646A4E}.Release|iPhoneSimulator.ActiveCfg = Release|Any CPU
		{392CFB29-628E-47CC-B443-E56C28646A4E}.Release|iPhoneSimulator.Build.0 = Release|Any CPU
		{392CFB29-628E-47CC-B443-E56C28646A4E}.Release|iPhoneSimulator.Deploy.0 = Release|Any CPU
	EndGlobalSection
	GlobalSection(SolutionProperties) = preSolution
		HideSolutionNode = FALSE
	EndGlobalSection
	GlobalSection(ExtensibilityGlobals) = postSolution
		SolutionGuid = {D76EB307-F585-410F-8900-9BCAEE283302}
	EndGlobalSection
EndGlobal
